
Microsoft Visual Studio Solution File, Format Version 12.00
# Visual Studio Version 16
VisualStudioVersion = 16.0.29409.12
MinimumVisualStudioVersion = 10.0.40219.1
Project("{9A19103F-16F7-4668-BE54-9A1E7A4F7556}") = "PotOfGreed", "PotOfGreed.csproj", "{232F402F-ECF4-4662-BDA5-FB1431CB201C}"
EndProject
Global
	GlobalSection(SolutionConfigurationPlatforms) = preSolution
		Debug|Any CPU = Debug|Any CPU
		Release|Any CPU = Release|Any CPU
	EndGlobalSection
	GlobalSection(ProjectConfigurationPlatforms) = postSolution
		{232F402F-ECF4-4662-BDA5-FB1431CB201C}.Debug|Any CPU.ActiveCfg = Debug|Any CPU
		{232F402F-ECF4-4662-BDA5-FB1431CB201C}.Debug|Any CPU.Build.0 = Debug|Any CPU
		{232F402F-ECF4-4662-BDA5-FB1431CB201C}.Release|Any CPU.ActiveCfg = Release|Any CPU
		{232F402F-ECF4-4662-BDA5-FB1431CB201C}.Release|Any CPU.Build.0 = Release|Any CPU
	EndGlobalSection
	GlobalSection(SolutionProperties) = preSolution
		HideSolutionNode = FALSE
	EndGlobalSection
	GlobalSection(ExtensibilityGlobals) = postSolution
		SolutionGuid = {8564059B-F87B-4946-853E-D7BC74671C7B}
	EndGlobalSection
EndGlobal
